
Microsoft Visual Studio Solution File, Format Version 12.00
# Visual Studio Version 16
VisualStudioVersion = 25.0.1705.0
MinimumVisualStudioVersion = 10.0.40219.1
Project("{FAE04EC0-301F-11D3-BF4B-00C04F79EFBC}") = "webApi", "webApi\webApi.csproj", "{C7E17D87-C187-4C9C-9989-7A55F9FD4FBD}"
EndProject
Global
	GlobalSection(SolutionConfigurationPlatforms) = preSolution
		Debug|Any CPU = Debug|Any CPU
		Release|Any CPU = Release|Any CPU
	EndGlobalSection
	GlobalSection(ProjectConfigurationPlatforms) = postSolution
		{C7E17D87-C187-4C9C-9989-7A55F9FD4FBD}.Debug|Any CPU.ActiveCfg = Debug|Any CPU
		{C7E17D87-C187-4C9C-9989-7A55F9FD4FBD}.Debug|Any CPU.Build.0 = Debug|Any CPU
		{C7E17D87-C187-4C9C-9989-7A55F9FD4FBD}.Release|Any CPU.ActiveCfg = Release|Any CPU
		{C7E17D87-C187-4C9C-9989-7A55F9FD4FBD}.Release|Any CPU.Build.0 = Release|Any CPU
	EndGlobalSection
	GlobalSection(SolutionProperties) = preSolution
		HideSolutionNode = FALSE
	EndGlobalSection
	GlobalSection(ExtensibilityGlobals) = postSolution
		SolutionGuid = {F0D3B09B-059F-4FF3-BC8B-251495884364}
	EndGlobalSection
EndGlobal
